{
  "name": "houdoku",
  "version": "1.0.0",
  "lockfileVersion": 2,
  "requires": true,
  "packages": {
    "": {
      "name": "houdoku",
      "version": "1.0.0",
      "hasInstallScript": true,
      "license": "MIT",
      "devDependencies": {
        "@types/lovefield": "^2.1.3"
      }
    },
    "node_modules/@types/lovefield": {
      "version": "2.1.3",
      "resolved": "https://registry.npmjs.org/@types/lovefield/-/lovefield-2.1.3.tgz",
      "integrity": "sha512-LaMHENSO3MOcAgYD+iYsbuvEjDBQ0a5GmYyjca99MlHli0A5tcOTEy03UHiRk5cfubdPhVYCfCTXYN7/CLvnWA==",
      "dev": true
    },
    "node_modules/@types/uuid": {
      "version": "8.3.0",
      "resolved": "https://registry.npmjs.org/@types/uuid/-/uuid-8.3.0.tgz",
      "integrity": "sha512-eQ9qFW/fhfGJF8WKHGEHZEyVWfZxrT+6CLIJGBcZPfxUh/+BnEj+UCGYMlr9qZuX/2AltsvwrGqp0LhEW8D0zQ==",
      "extraneous": true,
      "license": "MIT"
    }
  },
  "dependencies": {
    "@types/lovefield": {
      "version": "2.1.3",
      "resolved": "https://registry.npmjs.org/@types/lovefield/-/lovefield-2.1.3.tgz",
      "integrity": "sha512-LaMHENSO3MOcAgYD+iYsbuvEjDBQ0a5GmYyjca99MlHli0A5tcOTEy03UHiRk5cfubdPhVYCfCTXYN7/CLvnWA==",
      "dev": true
    },
    "@types/uuid": {
      "version": "https://registry.npmjs.org/@types/uuid/-/uuid-8.3.0.tgz",
      "integrity": "sha512-eQ9qFW/fhfGJF8WKHGEHZEyVWfZxrT+6CLIJGBcZPfxUh/+BnEj+UCGYMlr9qZuX/2AltsvwrGqp0LhEW8D0zQ==",
      "extraneous": true
    }
  }
}
